<?xml version="1.0" encoding="utf-8"?>
<Project ToolsVersion="4.0" xmlns="http://schemas.microsoft.com/developer/msbuild/2003">
  <ItemGroup>
    <Filter Include="ソース ファイル">
      <UniqueIdentifier>{4FC737F1-C7A5-4376-A066-2A32D752A2FF}</UniqueIdentifier>
      <Extensions>cpp;c;cc;cxx;def;odl;idl;hpj;bat;asm;asmx</Extensions>
    </Filter>
    <Filter Include="ソース ファイル\シーン">
      <UniqueIdentifier>{97a2391c-84c1-467c-b891-6872e9b9e093}</UniqueIdentifier>
    </Filter>
    <Filter Include="ソース ファイル\住民">
      <UniqueIdentifier>{20b43ac7-b376-4568-8b2d-534c3ec8a1e4}</UniqueIdentifier>
    </Filter>
    <Filter Include="ソース ファイル\シーン\戦闘画面">
      <UniqueIdentifier>{ca88a7f1-86b3-48ae-abd3-91191123489e}</UniqueIdentifier>
    </Filter>
    <Filter Include="ソース ファイル\シーン\育成画面">
      <UniqueIdentifier>{6f5271e2-bf29-4ce9-9635-3a07b377a1e1}</UniqueIdentifier>
    </Filter>
    <Filter Include="ソース ファイル\対戦用">
      <UniqueIdentifier>{18caa8f4-49f3-4799-90f3-206c696ecd4b}</UniqueIdentifier>
    </Filter>
    <Filter Include="ソース ファイル\関数/演出">
      <UniqueIdentifier>{27a92017-f5b6-4517-b1f7-3ee3e80a0ef8}</UniqueIdentifier>
    </Filter>
    <Filter Include="ソース ファイル\シーン\タイトル">
      <UniqueIdentifier>{8dca0f95-480f-4328-80fa-4a19a179ae1d}</UniqueIdentifier>
    </Filter>
    <Filter Include="ソース ファイル\シーン\テスト用">
      <UniqueIdentifier>{bb9dca8e-66b5-4698-b51d-ef6eab5e1d31}</UniqueIdentifier>
    </Filter>
    <Filter Include="ソース ファイル\シーン\ホーム">
      <UniqueIdentifier>{b7bdae35-2346-456b-a0e7-c66c77bc86ba}</UniqueIdentifier>
    </Filter>
    <Filter Include="ヘッダーファイル">
      <UniqueIdentifier>{e11181ba-3e7d-40b9-9955-0cd83f5e853d}</UniqueIdentifier>
    </Filter>
    <Filter Include="リソースファイル">
      <UniqueIdentifier>{1aa15e5f-86de-44d6-9ef2-0a67c22275a9}</UniqueIdentifier>
    </Filter>
    <Filter Include="ソース ファイル\施設">
      <UniqueIdentifier>{d4beac71-c53c-4d33-9b74-a02abd43ec21}</UniqueIdentifier>
    </Filter>
    <Filter Include="ソース ファイル\施設\研究所">
      <UniqueIdentifier>{70f8d219-31ee-4717-9d97-f6f4fa933c24}</UniqueIdentifier>
    </Filter>
    <Filter Include="ソース ファイル\施設\兵舎">
      <UniqueIdentifier>{50982f9b-7ba7-48be-a34c-9dcbbae78234}</UniqueIdentifier>
    </Filter>
    <Filter Include="ソース ファイル\施設\倉庫">
      <UniqueIdentifier>{39e2be09-f1ec-4fa0-a04d-57663fe60b15}</UniqueIdentifier>
    </Filter>
    <Filter Include="ソース ファイル\シーン\戦闘準備画面">
      <UniqueIdentifier>{410b8348-2b14-4cfc-8f81-474c2078c90e}</UniqueIdentifier>
    </Filter>
    <Filter Include="ソース ファイル\対戦用\クリア＆オーバー">
      <UniqueIdentifier>{b66ac50a-e27f-45d4-a63e-b8134fc0364a}</UniqueIdentifier>
    </Filter>
  </ItemGroup>
  <ItemGroup>
    <ClCompile Include="GameL\Audio.cpp">
      <Filter>リソースファイル</Filter>
    </ClCompile>
    <ClCompile Include="GameL\DirectXDevice.cpp">
      <Filter>リソースファイル</Filter>
    </ClCompile>
    <ClCompile Include="GameL\Draw2DTex_Source.cpp">
      <Filter>リソースファイル</Filter>
    </ClCompile>
    <ClCompile Include="GameL\DrawFont.cpp">
      <Filter>リソースファイル</Filter>
    </ClCompile>
    <ClCompile Include="GameL\DrawTexture.cpp">
      <Filter>リソースファイル</Filter>
    </ClCompile>
    <ClCompile Include="GameL\GameL_Main.cpp">
      <Filter>リソースファイル</Filter>
    </ClCompile>
    <ClCompile Include="GameL\HitBoxManager.cpp">
      <Filter>リソースファイル</Filter>
    </ClCompile>
    <ClCompile Include="GameL\MultiThread.cpp">
      <Filter>リソースファイル</Filter>
    </ClCompile>
    <ClCompile Include="GameL\SceneManager.cpp">
      <Filter>リソースファイル</Filter>
    </ClCompile>
    <ClCompile Include="GameL\SceneObjManager.cpp">
      <Filter>リソースファイル</Filter>
    </ClCompile>
    <ClCompile Include="GameL\SetWindow.cpp">
      <Filter>リソースファイル</Filter>
    </ClCompile>
    <ClCompile Include="GameL\UserData.cpp">
      <Filter>リソースファイル</Filter>
    </ClCompile>
    <ClCompile Include="GameL\WICTextureLoader.cpp">
      <Filter>リソースファイル</Filter>
    </ClCompile>
    <ClCompile Include="GameL\WinInputs.cpp">
      <Filter>リソースファイル</Filter>
    </ClCompile>
    <ClCompile Include="ObjTest.cpp">
      <Filter>ソース ファイル\シーン\テスト用</Filter>
    </ClCompile>
    <ClCompile Include="SceneTest.cpp">
      <Filter>ソース ファイル\シーン\テスト用</Filter>
    </ClCompile>
    <ClCompile Include="SceneTitle.cpp">
      <Filter>ソース ファイル\シーン\タイトル</Filter>
    </ClCompile>
    <ClCompile Include="ObjTitle.cpp">
      <Filter>ソース ファイル\シーン\タイトル</Filter>
    </ClCompile>
    <ClCompile Include="Call_Planet.cpp">
      <Filter>ソース ファイル\関数/演出</Filter>
    </ClCompile>
    <ClCompile Include="ObjPlanet.cpp">
      <Filter>ソース ファイル\対戦用</Filter>
    </ClCompile>
    <ClCompile Include="ObjPushUnit.cpp">
      <Filter>ソース ファイル\対戦用</Filter>
    </ClCompile>
    <ClCompile Include="ObjTraining.cpp">
      <Filter>ソース ファイル\シーン\育成画面</Filter>
    </ClCompile>
    <ClCompile Include="SceneTraining.cpp">
      <Filter>ソース ファイル\シーン\育成画面</Filter>
    </ClCompile>
    <ClCompile Include="ObjMissile.cpp">
      <Filter>ソース ファイル\対戦用</Filter>
    </ClCompile>
    <ClCompile Include="ObjCloud_Effect.cpp">
      <Filter>ソース ファイル\関数/演出</Filter>
    </ClCompile>
    <ClCompile Include="ObjWarehouse.cpp">
      <Filter>ソース ファイル\施設\倉庫</Filter>
    </ClCompile>
    <ClCompile Include="ObjInstitute.cpp">
      <Filter>ソース ファイル\施設\研究所</Filter>
    </ClCompile>
    <ClCompile Include="ObjHome.cpp">
      <Filter>ソース ファイル\シーン\ホーム</Filter>
    </ClCompile>
    <ClCompile Include="SceneHome.cpp">
      <Filter>ソース ファイル\シーン\ホーム</Filter>
    </ClCompile>
    <ClCompile Include="ObjFight.cpp">
      <Filter>ソース ファイル\シーン\戦闘画面</Filter>
    </ClCompile>
    <ClCompile Include="ObjHuman.cpp">
      <Filter>ソース ファイル\住民</Filter>
    </ClCompile>
    <ClCompile Include="SceneFight.cpp">
      <Filter>ソース ファイル\シーン\戦闘画面</Filter>
    </ClCompile>
    <ClCompile Include="ObjPushUnit.cpp">
      <Filter>ソース ファイル\対戦用</Filter>
    </ClCompile>
    <ClCompile Include="ObjPlanet.cpp">
      <Filter>ソース ファイル\対戦用</Filter>
    </ClCompile>
    <ClCompile Include="UtilityModule.cpp">
      <Filter>ソース ファイル</Filter>
    </ClCompile>
    <ClCompile Include="ObjBarracks.cpp">
      <Filter>ソース ファイル\施設\兵舎</Filter>
    </ClCompile>
    <ClCompile Include="ObjPreparation.cpp">
      <Filter>ソース ファイル\シーン\戦闘準備画面</Filter>
    </ClCompile>
    <ClCompile Include="ScenePreparation.cpp">
      <Filter>ソース ファイル\シーン\戦闘準備画面</Filter>
    </ClCompile>
    <ClCompile Include="ObjFightClear.cpp">
      <Filter>ソース ファイル\対戦用\クリア＆オーバー</Filter>
    </ClCompile>
    <ClCompile Include="ObjFightOver.cpp">
      <Filter>ソース ファイル\対戦用\クリア＆オーバー</Filter>
    </ClCompile>
    <ClCompile Include="ObjPushMissile.cpp">
      <Filter>ソース ファイル\対戦用</Filter>
    </ClCompile>
    <ClCompile Include="ObjPod.cpp">
      <Filter>ソース ファイル\対戦用</Filter>
    </ClCompile>
    <ClCompile Include="ObjBefore_Fight_Effect.cpp">
      <Filter>ソース ファイル\関数/演出</Filter>
    </ClCompile>
  </ItemGroup>
  <ItemGroup>
    <ClInclude Include="GameL\Audio.h">
      <Filter>リソースファイル</Filter>
    </ClInclude>
    <ClInclude Include="GameL\DirectXDevice.h">
      <Filter>リソースファイル</Filter>
    </ClInclude>
    <ClInclude Include="GameL\DirectXTex.h">
      <Filter>リソースファイル</Filter>
    </ClInclude>
    <ClInclude Include="GameL\DrawFont.h">
      <Filter>リソースファイル</Filter>
    </ClInclude>
    <ClInclude Include="GameL\DrawTexture.h">
      <Filter>リソースファイル</Filter>
    </ClInclude>
    <ClInclude Include="GameHead.h">
      <Filter>ヘッダーファイル</Filter>
    </ClInclude>
    <ClInclude Include="GameL\HitBoxManager.h">
      <Filter>リソースファイル</Filter>
    </ClInclude>
    <ClInclude Include="main.h">
      <Filter>ヘッダーファイル</Filter>
    </ClInclude>
    <ClInclude Include="GameL\MultiThread.h">
      <Filter>リソースファイル</Filter>
    </ClInclude>
    <ClInclude Include="GameL\SceneManager.h">
      <Filter>リソースファイル</Filter>
    </ClInclude>
    <ClInclude Include="GameL\SceneObjManager.h">
      <Filter>リソースファイル</Filter>
    </ClInclude>
    <ClInclude Include="GameL\SetWindow.h">
      <Filter>リソースファイル</Filter>
    </ClInclude>
    <ClInclude Include="GameL\UserData.h">
      <Filter>リソースファイル</Filter>
    </ClInclude>
    <ClInclude Include="GameL\WICTextureLoader.h">
      <Filter>リソースファイル</Filter>
    </ClInclude>
    <ClInclude Include="GameL\WinInputs.h">
      <Filter>リソースファイル</Filter>
    </ClInclude>
    <ClInclude Include="ObjTest.h">
      <Filter>ソース ファイル\シーン\テスト用</Filter>
    </ClInclude>
    <ClInclude Include="SceneTest.h">
      <Filter>ソース ファイル\シーン\テスト用</Filter>
    </ClInclude>
    <ClInclude Include="SceneTitle.h">
      <Filter>ソース ファイル\シーン\タイトル</Filter>
    </ClInclude>
    <ClInclude Include="ObjTitle.h">
      <Filter>ソース ファイル\シーン\タイトル</Filter>
    </ClInclude>
    <ClInclude Include="Call_Planet.h">
      <Filter>ソース ファイル\関数/演出</Filter>
    </ClInclude>
    <ClInclude Include="ObjPlanet.h">
      <Filter>ソース ファイル\対戦用</Filter>
    </ClInclude>
    <ClInclude Include="ObjWarehouse.h">
      <Filter>ソース ファイル\施設\倉庫</Filter>
    </ClInclude>
    <ClInclude Include="ObjInstitute.h">
      <Filter>ソース ファイル\施設\研究所</Filter>
    </ClInclude>
    <ClInclude Include="ObjTraining.h">
      <Filter>ソース ファイル\シーン\育成画面</Filter>
    </ClInclude>
    <ClInclude Include="SceneTraining.h">
      <Filter>ソース ファイル\シーン\育成画面</Filter>
    </ClInclude>
    <ClInclude Include="ObjMissile.h">
      <Filter>ソース ファイル\対戦用</Filter>
    </ClInclude>
    <ClInclude Include="ObjCloud_Effect.h">
      <Filter>ソース ファイル\関数/演出</Filter>
    </ClInclude>
    <ClInclude Include="ObjHome.h">
      <Filter>ソース ファイル\シーン\ホーム</Filter>
    </ClInclude>
    <ClInclude Include="SceneHome.h">
      <Filter>ソース ファイル\シーン\ホーム</Filter>
    </ClInclude>
    <ClInclude Include="ObjFight.h">
      <Filter>ソース ファイル\シーン\戦闘画面</Filter>
    </ClInclude>
    <ClInclude Include="ObjHuman.h">
      <Filter>ソース ファイル\住民</Filter>
    </ClInclude>
    <ClInclude Include="SceneFight.h">
      <Filter>ソース ファイル\シーン\戦闘画面</Filter>
    </ClInclude>
    <ClInclude Include="ObjPushUnit.h">
      <Filter>ソース ファイル\対戦用</Filter>
    </ClInclude>
    <ClInclude Include="ObjPlanet.h">
      <Filter>ソース ファイル\対戦用</Filter>
    </ClInclude>
    <ClInclude Include="UtilityModule.h">
      <Filter>ソース ファイル</Filter>
    </ClInclude>
    <ClInclude Include="ObjBarracks.h">
      <Filter>ソース ファイル\施設\兵舎</Filter>
    </ClInclude>
    <ClInclude Include="ObjBarracks.h">
      <Filter>ソース ファイル\施設\兵舎</Filter>
    </ClInclude>
    <ClInclude Include="ObjPreparation.h">
      <Filter>ソース ファイル\シーン\戦闘準備画面</Filter>
    </ClInclude>
    <ClInclude Include="ScenePreparation.h">
      <Filter>ソース ファイル\シーン\戦闘準備画面</Filter>
    </ClInclude>
    <ClInclude Include="ObjFightClear.h">
      <Filter>ソース ファイル\対戦用\クリア＆オーバー</Filter>
    </ClInclude>
    <ClInclude Include="ObjFightOver.h">
      <Filter>ソース ファイル\対戦用\クリア＆オーバー</Filter>
    </ClInclude>
    <ClInclude Include="ObjPushMissile.h">
      <Filter>ソース ファイル\対戦用</Filter>
    </ClInclude>
    <ClInclude Include="ObjPod.h">
      <Filter>ソース ファイル\対戦用</Filter>
    </ClInclude>
    <ClInclude Include="ObjPushUnit.h">
      <Filter>ソース ファイル\対戦用</Filter>
    </ClInclude>
    <ClInclude Include="ObjBefore_Fight_Effect.h">
      <Filter>ソース ファイル\関数/演出</Filter>
    </ClInclude>
  </ItemGroup>
  <ItemGroup>
    <None Include="GameL\DirectXTex.inl">
      <Filter>リソースファイル</Filter>
    </None>
  </ItemGroup>
  <ItemGroup>
    <Library Include="GameL\DirectXTex.lib">
      <Filter>リソースファイル</Filter>
    </Library>
  </ItemGroup>
</Project>